// !$*UTF8*$!
{
	archiveVersion = 1;
	classes = {
	};
	objectVersion = 46;
	objects = {

/* Begin PBXBuildFile section */
		B70C31421E2E56870084B5A0 /* main.m in Sources */ = {isa = PBXBuildFile; fileRef = B70C31411E2E56870084B5A0 /* main.m */; };
		B70C31451E2E56870084B5A0 /* AppDelegate.m in Sources */ = {isa = PBXBuildFile; fileRef = B70C31441E2E56870084B5A0 /* AppDelegate.m */; };
		B70C31481E2E56870084B5A0 /* ViewController.m in Sources */ = {isa = PBXBuildFile; fileRef = B70C31471E2E56870084B5A0 /* ViewController.m */; };
		B70C314B1E2E56870084B5A0 /* Main.storyboard in Resources */ = {isa = PBXBuildFile; fileRef = B70C31491E2E56870084B5A0 /* Main.storyboard */; };
		B70C314D1E2E56870084B5A0 /* Assets.xcassets in Resources */ = {isa = PBXBuildFile; fileRef = B70C314C1E2E56870084B5A0 /* Assets.xcassets */; };
		B70C31501E2E56870084B5A0 /* LaunchScreen.storyboard in Resources */ = {isa = PBXBuildFile; fileRef = B70C314E1E2E56870084B5A0 /* LaunchScreen.storyboard */; };
		B70C315B1E2E56870084B5A0 /* gitdemoTests.m in Sources */ = {isa = PBXBuildFile; fileRef = B70C315A1E2E56870084B5A0 /* gitdemoTests.m */; };
		B70C31661E2E56870084B5A0 /* gitdemoUITests.m in Sources */ = {isa = PBXBuildFile; fileRef = B70C31651E2E56870084B5A0 /* gitdemoUITests.m */; };
/* End PBXBuildFile section */

/* Begin PBXContainerItemProxy section */
		B70C31571E2E56870084B5A0 /* PBXContainerItemProxy */ = {
			isa = PBXContainerItemProxy;
			containerPortal = B70C31351E2E56870084B5A0 /* Project object */;
			proxyType = 1;
			remoteGlobalIDString = B70C313C1E2E56870084B5A0;
			remoteInfo = gitdemo;
		};
		B70C31621E2E56870084B5A0 /* PBXContainerItemProxy */ = {
			isa = PBXContainerItemProxy;
			containerPortal = B70C31351E2E56870084B5A0 /* Project object */;
			proxyType = 1;
			remoteGlobalIDString = B70C313C1E2E56870084B5A0;
			remoteInfo = gitdemo;
		};
/* End PBXContainerItemProxy section */

/* Begin PBXFileReference section */
		B70C313D1E2E56870084B5A0 /* gitdemo.app */ = {isa = PBXFileReference; explicitFileType = wrapper.application; includeInIndex = 0; path = gitdemo.app; sourceTree = BUILT_PRODUCTS_DIR; };
		B70C31411E2E56870084B5A0 /* main.m */ = {isa = PBXFileReference; lastKnownFileType = sourcecode.c.objc; path = main.m; sourceTree = "<group>"; };
		B70C31431E2E56870084B5A0 /* AppDelegate.h */ = {isa = PBXFileReference; lastKnownFileType = sourcecode.c.h; path = AppDelegate.h; sourceTree = "<group>"; };
		B70C31441E2E56870084B5A0 /* AppDelegate.m */ = {isa = PBXFileReference; lastKnownFileType = sourcecode.c.objc; path = AppDelegate.m; sourceTree = "<group>"; };
		B70C31461E2E56870084B5A0 /* ViewController.h */ = {isa = PBXFileReference; lastKnownFileType = sourcecode.c.h; path = ViewController.h; sourceTree = "<group>"; };
		B70C31471E2E56870084B5A0 /* ViewController.m */ = {isa = PBXFileReference; lastKnownFileType = sourcecode.c.objc; path = ViewController.m; sourceTree = "<group>"; };
		B70C314A1E2E56870084B5A0 /* Base */ = {isa = PBXFileReference; lastKnownFileType = file.storyboard; name = Base; path = Base.lproj/Main.storyboard; sourceTree = "<group>"; };
		B70C314C1E2E56870084B5A0 /* Assets.xcassets */ = {isa = PBXFileReference; lastKnownFileType = folder.assetcatalog; path = Assets.xcassets; sourceTree = "<group>"; };
		B70C314F1E2E56870084B5A0 /* Base */ = {isa = PBXFileReference; lastKnownFileType = file.storyboard; name = Base; path = Base.lproj/LaunchScreen.storyboard; sourceTree = "<group>"; };
		B70C31511E2E56870084B5A0 /* Info.plist */ = {isa = PBXFileReference; lastKnownFileType = text.plist.xml; path = Info.plist; sourceTree = "<group>"; };
		B70C31561E2E56870084B5A0 /* gitdemoTests.xctest */ = {isa = PBXFileReference; explicitFileType = wrapper.cfbundle; includeInIndex = 0; path = gitdemoTests.xctest; sourceTree = BUILT_PRODUCTS_DIR; };
		B70C315A1E2E56870084B5A0 /* gitdemoTests.m */ = {isa = PBXFileReference; lastKnownFileType = sourcecode.c.objc; path = gitdemoTests.m; sourceTree = "<group>"; };
		B70C315C1E2E56870084B5A0 /* Info.plist */ = {isa = PBXFileReference; lastKnownFileType = text.plist.xml; path = Info.plist; sourceTree = "<group>"; };
		B70C31611E2E56870084B5A0 /* gitdemoUITests.xctest */ = {isa = PBXFileReference; explicitFileType = wrapper.cfbundle; includeInIndex = 0; path = gitdemoUITests.xctest; sourceTree = BUILT_PRODUCTS_DIR; };
		B70C31651E2E56870084B5A0 /* gitdemoUITests.m */ = {isa = PBXFileReference; lastKnownFileType = sourcecode.c.objc; path = gitdemoUITests.m; sourceTree = "<group>"; };
		B70C31671E2E56870084B5A0 /* Info.plist */ = {isa = PBXFileReference; lastKnownFileType = text.plist.xml; path = Info.plist; sourceTree = "<group>"; };
/* End PBXFileReference section */

/* Begin PBXFrameworksBuildPhase section */
		B70C313A1E2E56870084B5A0 /* Frameworks */ = {
			isa = PBXFrameworksBuildPhase;
			buildActionMask = 2147483647;
			files = (
			);
			runOnlyForDeploymentPostprocessing = 0;
		};
		B70C31531E2E56870084B5A0 /* Frameworks */ = {
			isa = PBXFrameworksBuildPhase;
			buildActionMask = 2147483647;
			files = (
			);
			runOnlyForDeploymentPostprocessing = 0;
		};
		B70C315E1E2E56870084B5A0 /* Frameworks */ = {
			isa = PBXFrameworksBuildPhase;
			buildActionMask = 2147483647;
			files = (
			);
			runOnlyForDeploymentPostprocessing = 0;
		};
/* End PBXFrameworksBuildPhase section */

/* Begin PBXGroup section */
		B70C31341E2E56870084B5A0 = {
			isa = PBXGroup;
			children = (
				B70C313F1E2E56870084B5A0 /* gitdemo */,
				B70C31591E2E56870084B5A0 /* gitdemoTests */,
				B70C31641E2E56870084B5A0 /* gitdemoUITests */,
				B70C313E1E2E56870084B5A0 /* Products */,
			);
			sourceTree = "<group>";
		};
		B70C313E1E2E56870084B5A0 /* Products */ = {
			isa = PBXGroup;
			children = (
				B70C313D1E2E56870084B5A0 /* gitdemo.app */,
				B70C31561E2E56870084B5A0 /* gitdemoTests.xctest */,
				B70C31611E2E56870084B5A0 /* gitdemoUITests.xctest */,
			);
			name = Products;
			sourceTree = "<group>";
		};
		B70C313F1E2E56870084B5A0 /* gitdemo */ = {
			isa = PBXGroup;
			children = (
				B70C31431E2E56870084B5A0 /* AppDelegate.h */,
				B70C31441E2E56870084B5A0 /* AppDelegate.m */,
				B70C31461E2E56870084B5A0 /* ViewController.h */,
				B70C31471E2E56870084B5A0 /* ViewController.m */,
				B70C31491E2E56870084B5A0 /* Main.storyboard */,
				B70C314C1E2E56870084B5A0 /* Assets.xcassets */,
				B70C314E1E2E56870084B5A0 /* LaunchScreen.storyboard */,
				B70C31511E2E56870084B5A0 /* Info.plist */,
				B70C31401E2E56870084B5A0 /* Supporting Files */,
			);
			path = gitdemo;
			sourceTree = "<group>";
		};
		B70C31401E2E56870084B5A0 /* Supporting Files */ = {
			isa = PBXGroup;
			children = (
				B70C31411E2E56870084B5A0 /* main.m */,
			);
			name = "Supporting Files";
			sourceTree = "<group>";
		};
		B70C31591E2E56870084B5A0 /* gitdemoTests */ = {
			isa = PBXGroup;
			children = (
				B70C315A1E2E56870084B5A0 /* gitdemoTests.m */,
				B70C315C1E2E56870084B5A0 /* Info.plist */,
			);
			path = gitdemoTests;
			sourceTree = "<group>";
		};
		B70C31641E2E56870084B5A0 /* gitdemoUITests */ = {
			isa = PBXGroup;
			children = (
				B70C31651E2E56870084B5A0 /* gitdemoUITests.m */,
				B70C31671E2E56870084B5A0 /* Info.plist */,
			);
			path = gitdemoUITests;
			sourceTree = "<group>";
		};
/* End PBXGroup section */

/* Begin PBXNativeTarget section */
		B70C313C1E2E56870084B5A0 /* gitdemo */ = {
			isa = PBXNativeTarget;
			buildConfigurationList = B70C316A1E2E56870084B5A0 /* Build configuration list for PBXNativeTarget "gitdemo" */;
			buildPhases = (
				B70C31391E2E56870084B5A0 /* Sources */,
				B70C313A1E2E56870084B5A0 /* Frameworks */,
				B70C313B1E2E56870084B5A0 /* Resources */,
			);
			buildRules = (
			);
			dependencies = (
			);
			name = gitdemo;
			productName = gitdemo;
			productReference = B70C313D1E2E56870084B5A0 /* gitdemo.app */;
			productType = "com.apple.product-type.application";
		};
		B70C31551E2E56870084B5A0 /* gitdemoTests */ = {
			isa = PBXNativeTarget;
			buildConfigurationList = B70C316D1E2E56870084B5A0 /* Build configuration list for PBXNativeTarget "gitdemoTests" */;
			buildPhases = (
				B70C31521E2E56870084B5A0 /* Sources */,
				B70C31531E2E56870084B5A0 /* Frameworks */,
				B70C31541E2E56870084B5A0 /* Resources */,
			);
			buildRules = (
			);
			dependencies = (
				B70C31581E2E56870084B5A0 /* PBXTargetDependency */,
			);
			name = gitdemoTests;
			productName = gitdemoTests;
			productReference = B70C31561E2E56870084B5A0 /* gitdemoTests.xctest */;
			productType = "com.apple.product-type.bundle.unit-test";
		};
		B70C31601E2E56870084B5A0 /* gitdemoUITests */ = {
			isa = PBXNativeTarget;
			buildConfigurationList = B70C31701E2E56870084B5A0 /* Build configuration list for PBXNativeTarget "gitdemoUITests" */;
			buildPhases = (
				B70C315D1E2E56870084B5A0 /* Sources */,
				B70C315E1E2E56870084B5A0 /* Frameworks */,
				B70C315F1E2E56870084B5A0 /* Resources */,
			);
			buildRules = (
			);
			dependencies = (
				B70C31631E2E56870084B5A0 /* PBXTargetDependency */,
			);
			name = gitdemoUITests;
			productName = gitdemoUITests;
			productReference = B70C31611E2E56870084B5A0 /* gitdemoUITests.xctest */;
			productType = "com.apple.product-type.bundle.ui-testing";
		};
/* End PBXNativeTarget section */

/* Begin PBXProject section */
		B70C31351E2E56870084B5A0 /* Project object */ = {
			isa = PBXProject;
			attributes = {
				LastUpgradeCheck = 0800;
				ORGANIZATIONNAME = Edison;
				TargetAttributes = {
					B70C313C1E2E56870084B5A0 = {
						CreatedOnToolsVersion = 8.0;
						DevelopmentTeam = 9263MSZZ3B;
						ProvisioningStyle = Automatic;
					};
					B70C31551E2E56870084B5A0 = {
						CreatedOnToolsVersion = 8.0;
						DevelopmentTeam = 9263MSZZ3B;
						ProvisioningStyle = Automatic;
						TestTargetID = B70C313C1E2E56870084B5A0;
					};
					B70C31601E2E56870084B5A0 = {
						CreatedOnToolsVersion = 8.0;
						DevelopmentTeam = 9263MSZZ3B;
						ProvisioningStyle = Automatic;
						TestTargetID = B70C313C1E2E56870084B5A0;
					};
				};
			};
			buildConfigurationList = B70C31381E2E56870084B5A0 /* Build configuration list for PBXProject "gitdemo" */;
			compatibilityVersion = "Xcode 3.2";
			developmentRegion = English;
			hasScannedForEncodings = 0;
			knownRegions = (
				en,
				Base,
			);
			mainGroup = B70C31341E2E56870084B5A0;
			productRefGroup = B70C313E1E2E56870084B5A0 /* Products */;
			projectDirPath = "";
			projectRoot = "";
			targets = (
				B70C313C1E2E56870084B5A0 /* gitdemo */,
				B70C31551E2E56870084B5A0 /* gitdemoTests */,
				B70C31601E2E56870084B5A0 /* gitdemoUITests */,
			);
		};
/* End PBXProject section */

/* Begin PBXResourcesBuildPhase section */
		B70C313B1E2E56870084B5A0 /* Resources */ = {
			isa = PBXResourcesBuildPhase;
			buildActionMask = 2147483647;
			files = (
				B70C31501E2E56870084B5A0 /* LaunchScreen.storyboard in Resources */,
				B70C314D1E2E56870084B5A0 /* Assets.xcassets in Resources */,
				B70C314B1E2E56870084B5A0 /* Main.storyboard in Resources */,
			);
			runOnlyForDeploymentPostprocessing = 0;
		};
		B70C31541E2E56870084B5A0 /* Resources */ = {
			isa = PBXResourcesBuildPhase;
			buildActionMask = 2147483647;
			files = (
			);
			runOnlyForDeploymentPostprocessing = 0;
		};
		B70C315F1E2E56870084B5A0 /* Resources */ = {
			isa = PBXResourcesBuildPhase;
			buildActionMask = 2147483647;
			files = (
			);
			runOnlyForDeploymentPostprocessing = 0;
		};
/* End PBXResourcesBuildPhase section */

/* Begin PBXSourcesBuildPhase section */
		B70C31391E2E56870084B5A0 /* Sources */ = {
			isa = PBXSourcesBuildPhase;
			buildActionMask = 2147483647;
			files = (
				B70C31481E2E56870084B5A0 /* ViewController.m in Sources */,
				B70C31451E2E56870084B5A0 /* AppDelegate.m in Sources */,
				B70C31421E2E56870084B5A0 /* main.m in Sources */,
			);
			runOnlyForDeploymentPostprocessing = 0;
		};
		B70C31521E2E56870084B5A0 /* Sources */ = {
			isa = PBXSourcesBuildPhase;
			buildActionMask = 2147483647;
			files = (
				B70C315B1E2E56870084B5A0 /* gitdemoTests.m in Sources */,
			);
			runOnlyForDeploymentPostprocessing = 0;
		};
		B70C315D1E2E56870084B5A0 /* Sources */ = {
			isa = PBXSourcesBuildPhase;
			buildActionMask = 2147483647;
			files = (
				B70C31661E2E56870084B5A0 /* gitdemoUITests.m in Sources */,
			);
			runOnlyForDeploymentPostprocessing = 0;
		};
/* End PBXSourcesBuildPhase section */

/* Begin PBXTargetDependency section */
		B70C31581E2E56870084B5A0 /* PBXTargetDependency */ = {
			isa = PBXTargetDependency;
			target = B70C313C1E2E56870084B5A0 /* gitdemo */;
			targetProxy = B70C31571E2E56870084B5A0 /* PBXContainerItemProxy */;
		};
		B70C31631E2E56870084B5A0 /* PBXTargetDependency */ = {
			isa = PBXTargetDependency;
			target = B70C313C1E2E56870084B5A0 /* gitdemo */;
			targetProxy = B70C31621E2E56870084B5A0 /* PBXContainerItemProxy */;
		};
/* End PBXTargetDependency section */

/* Begin PBXVariantGroup section */
		B70C31491E2E56870084B5A0 /* Main.storyboard */ = {
			isa = PBXVariantGroup;
			children = (
				B70C314A1E2E56870084B5A0 /* Base */,
			);
			name = Main.storyboard;
			sourceTree = "<group>";
		};
		B70C314E1E2E56870084B5A0 /* LaunchScreen.storyboard */ = {
			isa = PBXVariantGroup;
			children = (
				B70C314F1E2E56870084B5A0 /* Base */,
			);
			name = LaunchScreen.storyboard;
			sourceTree = "<group>";
		};
/* End PBXVariantGroup section */

/* Begin XCBuildConfiguration section */
		B70C31681E2E56870084B5A0 /* Debug */ = {
			isa = XCBuildConfiguration;
			buildSettings = {
				ALWAYS_SEARCH_USER_PATHS = NO;
				CLANG_ANALYZER_NONNULL = YES;
				CLANG_CXX_LANGUAGE_STANDARD = "gnu++0x";
				CLANG_CXX_LIBRARY = "libc++";
				CLANG_ENABLE_MODULES = YES;
				CLANG_ENABLE_OBJC_ARC = YES;
				CLANG_WARN_BOOL_CONVERSION = YES;
				CLANG_WARN_CONSTANT_CONVERSION = YES;
				CLANG_WARN_DIRECT_OBJC_ISA_USAGE = YES_ERROR;
				CLANG_WARN_DOCUMENTATION_COMMENTS = YES;
				CLANG_WARN_EMPTY_BODY = YES;
				CLANG_WARN_ENUM_CONVERSION = YES;
				CLANG_WARN_INFINITE_RECURSION = YES;
				CLANG_WARN_INT_CONVERSION = YES;
				CLANG_WARN_OBJC_ROOT_CLASS = YES_ERROR;
				CLANG_WARN_SUSPICIOUS_MOVES = YES;
				CLANG_WARN_UNREACHABLE_CODE = YES;
				CLANG_WARN__DUPLICATE_METHOD_MATCH = YES;
				"CODE_SIGN_IDENTITY[sdk=iphoneos*]" = "iPhone Developer";
				COPY_PHASE_STRIP = NO;
				DEBUG_INFORMATION_FORMAT = dwarf;
				ENABLE_STRICT_OBJC_MSGSEND = YES;
				ENABLE_TESTABILITY = YES;
				GCC_C_LANGUAGE_STANDARD = gnu99;
				GCC_DYNAMIC_NO_PIC = NO;
				GCC_NO_COMMON_BLOCKS = YES;
				GCC_OPTIMIZATION_LEVEL = 0;
				GCC_PREPROCESSOR_DEFINITIONS = (
					"DEBUG=1",
					"$(inherited)",
				);
				GCC_WARN_64_TO_32_BIT_CONVERSION = YES;
				GCC_WARN_ABOUT_RETURN_TYPE = YES_ERROR;
				GCC_WARN_UNDECLARED_SELECTOR = YES;
				GCC_WARN_UNINITIALIZED_AUTOS = YES_AGGRESSIVE;
				GCC_WARN_UNUSED_FUNCTION = YES;
				GCC_WARN_UNUSED_VARIABLE = YES;
				IPHONEOS_DEPLOYMENT_TARGET = 10.0;
				MTL_ENABLE_DEBUG_INFO = YES;
				ONLY_ACTIVE_ARCH = YES;
				SDKROOT = iphoneos;
			};
			name = Debug;
		};
		B70C31691E2E56870084B5A0 /* Release */ = {
			isa = XCBuildConfiguration;
			buildSettings = {
				ALWAYS_SEARCH_USER_PATHS = NO;
				CLANG_ANALYZER_NONNULL = YES;
				CLANG_CXX_LANGUAGE_STANDARD = "gnu++0x";
				CLANG_CXX_LIBRARY = "libc++";
				CLANG_ENABLE_MODULES = YES;
				CLANG_ENABLE_OBJC_ARC = YES;
				CLANG_WARN_BOOL_CONVERSION = YES;
				CLANG_WARN_CONSTANT_CONVERSION = YES;
				CLANG_WARN_DIRECT_OBJC_ISA_USAGE = YES_ERROR;
				CLANG_WARN_DOCUMENTATION_COMMENTS = YES;
				CLANG_WARN_EMPTY_BODY = YES;
				CLANG_WARN_ENUM_CONVERSION = YES;
				CLANG_WARN_INFINITE_RECURSION = YES;
				CLANG_WARN_INT_CONVERSION = YES;
				CLANG_WARN_OBJC_ROOT_CLASS = YES_ERROR;
				CLANG_WARN_SUSPICIOUS_MOVES = YES;
				CLANG_WARN_UNREACHABLE_CODE = YES;
				CLANG_WARN__DUPLICATE_METHOD_MATCH = YES;
				"CODE_SIGN_IDENTITY[sdk=iphoneos*]" = "iPhone Developer";
				COPY_PHASE_STRIP = NO;
				DEBUG_INFORMATION_FORMAT = "dwarf-with-dsym";
				ENABLE_NS_ASSERTIONS = NO;
				ENABLE_STRICT_OBJC_MSGSEND = YES;
				GCC_C_LANGUAGE_STANDARD = gnu99;
				GCC_NO_COMMON_BLOCKS = YES;
				GCC_WARN_64_TO_32_BIT_CONVERSION = YES;
				GCC_WARN_ABOUT_RETURN_TYPE = YES_ERROR;
				GCC_WARN_UNDECLARED_SELECTOR = YES;
				GCC_WARN_UNINITIALIZED_AUTOS = YES_AGGRESSIVE;
				GCC_WARN_UNUSED_FUNCTION = YES;
				GCC_WARN_UNUSED_VARIABLE = YES;
				IPHONEOS_DEPLOYMENT_TARGET = 10.0;
				MTL_ENABLE_DEBUG_INFO = NO;
				SDKROOT = iphoneos;
				VALIDATE_PRODUCT = YES;
			};
			name = Release;
		};
		B70C316B1E2E56870084B5A0 /* Debug */ = {
			isa = XCBuildConfiguration;
			buildSettings = {
				ASSETCATALOG_COMPILER_APPICON_NAME = AppIcon;
				DEVELOPMENT_TEAM = 9263MSZZ3B;
				INFOPLIST_FILE = gitdemo/Info.plist;
				LD_RUNPATH_SEARCH_PATHS = "$(inherited) @executable_path/Frameworks";
				PRODUCT_BUNDLE_IDENTIFIER = richeninfo.gitdemo;
				PRODUCT_NAME = "$(TARGET_NAME)";
			};
			name = Debug;
		};
		B70C316C1E2E56870084B5A0 /* Release */ = {
			isa = XCBuildConfiguration;
			buildSettings = {
				ASSETCATALOG_COMPILER_APPICON_NAME = AppIcon;
				DEVELOPMENT_TEAM = 9263MSZZ3B;
				INFOPLIST_FILE = gitdemo/Info.plist;
				LD_RUNPATH_SEARCH_PATHS = "$(inherited) @executable_path/Frameworks";
				PRODUCT_BUNDLE_IDENTIFIER = richeninfo.gitdemo;
				PRODUCT_NAME = "$(TARGET_NAME)";
			};
			name = Release;
		};
		B70C316E1E2E56870084B5A0 /* Debug */ = {
			isa = XCBuildConfiguration;
			buildSettings = {
				BUNDLE_LOADER = "$(TEST_HOST)";
				DEVELOPMENT_TEAM = 9263MSZZ3B;
				INFOPLIST_FILE = gitdemoTests/Info.plist;
				LD_RUNPATH_SEARCH_PATHS = "$(inherited) @executable_path/Frameworks @loader_path/Frameworks";
				PRODUCT_BUNDLE_IDENTIFIER = richeninfo.gitdemoTests;
				PRODUCT_NAME = "$(TARGET_NAME)";
				TEST_HOST = "$(BUILT_PRODUCTS_DIR)/gitdemo.app/gitdemo";
			};
			name = Debug;
		};
		B70C316F1E2E56870084B5A0 /* Release */ = {
			isa = XCBuildConfiguration;
			buildSettings = {
				BUNDLE_LOADER = "$(TEST_HOST)";
				DEVELOPMENT_TEAM = 9263MSZZ3B;
				INFOPLIST_FILE = gitdemoTests/Info.plist;
				LD_RUNPATH_SEARCH_PATHS = "$(inherited) @executable_path/Frameworks @loader_path/Frameworks";
				PRODUCT_BUNDLE_IDENTIFIER = richeninfo.gitdemoTests;
				PRODUCT_NAME = "$(TARGET_NAME)";
				TEST_HOST = "$(BUILT_PRODUCTS_DIR)/gitdemo.app/gitdemo";
			};
			name = Release;
		};
		B70C31711E2E56870084B5A0 /* Debug */ = {
			isa = XCBuildConfiguration;
			buildSettings = {
				DEVELOPMENT_TEAM = 9263MSZZ3B;
				INFOPLIST_FILE = gitdemoUITests/Info.plist;
				LD_RUNPATH_SEARCH_PATHS = "$(inherited) @executable_path/Frameworks @loader_path/Frameworks";
				PRODUCT_BUNDLE_IDENTIFIER = richeninfo.gitdemoUITests;
				PRODUCT_NAME = "$(TARGET_NAME)";
				TEST_TARGET_NAME = gitdemo;
			};
			name = Debug;
		};
		B70C31721E2E56870084B5A0 /* Release */ = {
			isa = XCBuildConfiguration;
			buildSettings = {
				DEVELOPMENT_TEAM = 9263MSZZ3B;
				INFOPLIST_FILE = gitdemoUITests/Info.plist;
				LD_RUNPATH_SEARCH_PATHS = "$(inherited) @executable_path/Frameworks @loader_path/Frameworks";
				PRODUCT_BUNDLE_IDENTIFIER = richeninfo.gitdemoUITests;
				PRODUCT_NAME = "$(TARGET_NAME)";
				TEST_TARGET_NAME = gitdemo;
			};
			name = Release;
		};
/* End XCBuildConfiguration section */

/* Begin XCConfigurationList section */
		B70C31381E2E56870084B5A0 /* Build configuration list for PBXProject "gitdemo" */ = {
			isa = XCConfigurationList;
			buildConfigurations = (
				B70C31681E2E56870084B5A0 /* Debug */,
				B70C31691E2E56870084B5A0 /* Release */,
			);
			defaultConfigurationIsVisible = 0;
			defaultConfigurationName = Release;
		};
		B70C316A1E2E56870084B5A0 /* Build configuration list for PBXNativeTarget "gitdemo" */ = {
			isa = XCConfigurationList;
			buildConfigurations = (
				B70C316B1E2E56870084B5A0 /* Debug */,
				B70C316C1E2E56870084B5A0 /* Release */,
			);
			defaultConfigurationIsVisible = 0;
		};
		B70C316D1E2E56870084B5A0 /* Build configuration list for PBXNativeTarget "gitdemoTests" */ = {
			isa = XCConfigurationList;
			buildConfigurations = (
				B70C316E1E2E56870084B5A0 /* Debug */,
				B70C316F1E2E56870084B5A0 /* Release */,
			);
			defaultConfigurationIsVisible = 0;
		};
		B70C31701E2E56870084B5A0 /* Build configuration list for PBXNativeTarget "gitdemoUITests" */ = {
			isa = XCConfigurationList;
			buildConfigurations = (
				B70C31711E2E56870084B5A0 /* Debug */,
				B70C31721E2E56870084B5A0 /* Release */,
			);
			defaultConfigurationIsVisible = 0;
		};
/* End XCConfigurationList section */
	};
	rootObject = B70C31351E2E56870084B5A0 /* Project object */;
}
